
Microsoft Visual Studio Solution File, Format Version 12.00
# Visual Studio Version 16
VisualStudioVersion = 16.0.32126.315
MinimumVisualStudioVersion = 10.0.40219.1
Project("{FAE04EC0-301F-11D3-BF4B-00C04F79EFBC}") = "SigningApp.UWP", "SigningApp\SigningApp.UWP\SigningApp.UWP.csproj", "{C9ACD106-440F-4682-9AB3-E4B3A6BD26CB}"
EndProject
Project("{FAE04EC0-301F-11D3-BF4B-00C04F79EFBC}") = "SigningApp.Android", "SigningApp\SigningApp.Android\SigningApp.Android.csproj", "{CEC2370F-B1A5-4E18-BF2F-045496738FD9}"
EndProject
Project("{FAE04EC0-301F-11D3-BF4B-00C04F79EFBC}") = "SigningApp.iOS", "SigningApp\SigningApp.iOS\SigningApp.iOS.csproj", "{E69D3825-4198-4062-8352-77EA42DE3A56}"
EndProject
Project("{FAE04EC0-301F-11D3-BF4B-00C04F79EFBC}") = "SigningApp", "SigningApp\SigningApp\SigningApp.csproj", "{B946A442-EA3A-4BCC-AB4D-09531AB60015}"
EndProject
Global
	GlobalSection(SolutionConfigurationPlatforms) = preSolution
		Debug|Any CPU = Debug|Any CPU
		Debug|ARM = Debug|ARM
		Debug|iPhone = Debug|iPhone
		Debug|iPhoneSimulator = Debug|iPhoneSimulator
		Debug|x64 = Debug|x64
		Debug|x86 = Debug|x86
		Release|Any CPU = Release|Any CPU
		Release|ARM = Release|ARM
		Release|iPhone = Release|iPhone
		Release|iPhoneSimulator = Release|iPhoneSimulator
		Release|x64 = Release|x64
		Release|x86 = Release|x86
	EndGlobalSection
	GlobalSection(ProjectConfigurationPlatforms) = postSolution
		{C9ACD106-440F-4682-9AB3-E4B3A6BD26CB}.Debug|Any CPU.ActiveCfg = Debug|x86
		{C9ACD106-440F-4682-9AB3-E4B3A6BD26CB}.Debug|Any CPU.Build.0 = Debug|x86
		{C9ACD106-440F-4682-9AB3-E4B3A6BD26CB}.Debug|Any CPU.Deploy.0 = Debug|x86
		{C9ACD106-440F-4682-9AB3-E4B3A6BD26CB}.Debug|ARM.ActiveCfg = Debug|ARM
		{C9ACD106-440F-4682-9AB3-E4B3A6BD26CB}.Debug|ARM.Build.0 = Debug|ARM
		{C9ACD106-440F-4682-9AB3-E4B3A6BD26CB}.Debug|ARM.Deploy.0 = Debug|ARM
		{C9ACD106-440F-4682-9AB3-E4B3A6BD26CB}.Debug|iPhone.ActiveCfg = Debug|x86
		{C9ACD106-440F-4682-9AB3-E4B3A6BD26CB}.Debug|iPhone.Build.0 = Debug|x86
		{C9ACD106-440F-4682-9AB3-E4B3A6BD26CB}.Debug|iPhone.Deploy.0 = Debug|x86
		{C9ACD106-440F-4682-9AB3-E4B3A6BD26CB}.Debug|iPhoneSimulator.ActiveCfg = Debug|x86
		{C9ACD106-440F-4682-9AB3-E4B3A6BD26CB}.Debug|iPhoneSimulator.Build.0 = Debug|x86
		{C9ACD106-440F-4682-9AB3-E4B3A6BD26CB}.Debug|iPhoneSimulator.Deploy.0 = Debug|x86
		{C9ACD106-440F-4682-9AB3-E4B3A6BD26CB}.Debug|x64.ActiveCfg = Debug|x64
		{C9ACD106-440F-4682-9AB3-E4B3A6BD26CB}.Debug|x64.Build.0 = Debug|x64
		{C9ACD106-440F-4682-9AB3-E4B3A6BD26CB}.Debug|x64.Deploy.0 = Debug|x64
		{C9ACD106-440F-4682-9AB3-E4B3A6BD26CB}.Debug|x86.ActiveCfg = Debug|x86
		{C9ACD106-440F-4682-9AB3-E4B3A6BD26CB}.Debug|x86.Build.0 = Debug|x86
		{C9ACD106-440F-4682-9AB3-E4B3A6BD26CB}.Debug|x86.Deploy.0 = Debug|x86
		{C9ACD106-440F-4682-9AB3-E4B3A6BD26CB}.Release|Any CPU.ActiveCfg = Release|x86
		{C9ACD106-440F-4682-9AB3-E4B3A6BD26CB}.Release|Any CPU.Build.0 = Release|x86
		{C9ACD106-440F-4682-9AB3-E4B3A6BD26CB}.Release|Any CPU.Deploy.0 = Release|x86
		{C9ACD106-440F-4682-9AB3-E4B3A6BD26CB}.Release|ARM.ActiveCfg = Release|ARM
		{C9ACD106-440F-4682-9AB3-E4B3A6BD26CB}.Release|ARM.Build.0 = Release|ARM
		{C9ACD106-440F-4682-9AB3-E4B3A6BD26CB}.Release|ARM.Deploy.0 = Release|ARM
		{C9ACD106-440F-4682-9AB3-E4B3A6BD26CB}.Release|iPhone.ActiveCfg = Release|x86
		{C9ACD106-440F-4682-9AB3-E4B3A6BD26CB}.Release|iPhone.Build.0 = Release|x86
		{C9ACD106-440F-4682-9AB3-E4B3A6BD26CB}.Release|iPhone.Deploy.0 = Release|x86
		{C9ACD106-440F-4682-9AB3-E4B3A6BD26CB}.Release|iPhoneSimulator.ActiveCfg = Release|x86
		{C9ACD106-440F-4682-9AB3-E4B3A6BD26CB}.Release|iPhoneSimulator.Build.0 = Release|x86
		{C9ACD106-440F-4682-9AB3-E4B3A6BD26CB}.Release|iPhoneSimulator.Deploy.0 = Release|x86
		{C9ACD106-440F-4682-9AB3-E4B3A6BD26CB}.Release|x64.ActiveCfg = Release|x64
		{C9ACD106-440F-4682-9AB3-E4B3A6BD26CB}.Release|x64.Build.0 = Release|x64
		{C9ACD106-440F-4682-9AB3-E4B3A6BD26CB}.Release|x64.Deploy.0 = Release|x64
		{C9ACD106-440F-4682-9AB3-E4B3A6BD26CB}.Release|x86.ActiveCfg = Release|x86
		{C9ACD106-440F-4682-9AB3-E4B3A6BD26CB}.Release|x86.Build.0 = Release|x86
		{C9ACD106-440F-4682-9AB3-E4B3A6BD26CB}.Release|x86.Deploy.0 = Release|x86
		{CEC2370F-B1A5-4E18-BF2F-045496738FD9}.Debug|Any CPU.ActiveCfg = Debug|Any CPU
		{CEC2370F-B1A5-4E18-BF2F-045496738FD9}.Debug|Any CPU.Build.0 = Debug|Any CPU
		{CEC2370F-B1A5-4E18-BF2F-045496738FD9}.Debug|Any CPU.Deploy.0 = Debug|Any CPU
		{CEC2370F-B1A5-4E18-BF2F-045496738FD9}.Debug|ARM.ActiveCfg = Debug|Any CPU
		{CEC2370F-B1A5-4E18-BF2F-045496738FD9}.Debug|ARM.Build.0 = Debug|Any CPU
		{CEC2370F-B1A5-4E18-BF2F-045496738FD9}.Debug|ARM.Deploy.0 = Debug|Any CPU
		{CEC2370F-B1A5-4E18-BF2F-045496738FD9}.Debug|iPhone.ActiveCfg = Debug|Any CPU
		{CEC2370F-B1A5-4E18-BF2F-045496738FD9}.Debug|iPhone.Build.0 = Debug|Any CPU
		{CEC2370F-B1A5-4E18-BF2F-045496738FD9}.Debug|iPhone.Deploy.0 = Debug|Any CPU
		{CEC2370F-B1A5-4E18-BF2F-045496738FD9}.Debug|iPhoneSimulator.ActiveCfg = Debug|Any CPU
		{CEC2370F-B1A5-4E18-BF2F-045496738FD9}.Debug|iPhoneSimulator.Build.0 = Debug|Any CPU
		{CEC2370F-B1A5-4E18-BF2F-045496738FD9}.Debug|iPhoneSimulator.Deploy.0 = Debug|Any CPU
		{CEC2370F-B1A5-4E18-BF2F-045496738FD9}.Debug|x64.ActiveCfg = Debug|Any CPU
		{CEC2370F-B1A5-4E18-BF2F-045496738FD9}.Debug|x64.Build.0 = Debug|Any CPU
		{CEC2370F-B1A5-4E18-BF2F-045496738FD9}.Debug|x64.Deploy.0 = Debug|Any CPU
		{CEC2370F-B1A5-4E18-BF2F-045496738FD9}.Debug|x86.ActiveCfg = Debug|Any CPU
		{CEC2370F-B1A5-4E18-BF2F-045496738FD9}.Debug|x86.Build.0 = Debug|Any CPU
		{CEC2370F-B1A5-4E18-BF2F-045496738FD9}.Debug|x86.Deploy.0 = Debug|Any CPU
		{CEC2370F-B1A5-4E18-BF2F-045496738FD9}.Release|Any CPU.ActiveCfg = Release|Any CPU
		{CEC2370F-B1A5-4E18-BF2F-045496738FD9}.Release|Any CPU.Build.0 = Release|Any CPU
		{CEC2370F-B1A5-4E18-BF2F-045496738FD9}.Release|Any CPU.Deploy.0 = Release|Any CPU
		{CEC2370F-B1A5-4E18-BF2F-045496738FD9}.Release|ARM.ActiveCfg = Release|Any CPU
		{CEC2370F-B1A5-4E18-BF2F-045496738FD9}.Release|ARM.Build.0 = Release|Any CPU
		{CEC2370F-B1A5-4E18-BF2F-045496738FD9}.Release|ARM.Deploy.0 = Release|Any CPU
		{CEC2370F-B1A5-4E18-BF2F-045496738FD9}.Release|iPhone.ActiveCfg = Release|Any CPU
		{CEC2370F-B1A5-4E18-BF2F-045496738FD9}.Release|iPhone.Build.0 = Release|Any CPU
		{CEC2370F-B1A5-4E18-BF2F-045496738FD9}.Release|iPhone.Deploy.0 = Release|Any CPU
		{CEC2370F-B1A5-4E18-BF2F-045496738FD9}.Release|iPhoneSimulator.ActiveCfg = Release|Any CPU
		{CEC2370F-B1A5-4E18-BF2F-045496738FD9}.Release|iPhoneSimulator.Build.0 = Release|Any CPU
		{CEC2370F-B1A5-4E18-BF2F-045496738FD9}.Release|iPhoneSimulator.Deploy.0 = Release|Any CPU
		{CEC2370F-B1A5-4E18-BF2F-045496738FD9}.Release|x64.ActiveCfg = Release|Any CPU
		{CEC2370F-B1A5-4E18-BF2F-045496738FD9}.Release|x64.Build.0 = Release|Any CPU
		{CEC2370F-B1A5-4E18-BF2F-045496738FD9}.Release|x64.Deploy.0 = Release|Any CPU
		{CEC2370F-B1A5-4E18-BF2F-045496738FD9}.Release|x86.ActiveCfg = Release|Any CPU
		{CEC2370F-B1A5-4E18-BF2F-045496738FD9}.Release|x86.Build.0 = Release|Any CPU
		{CEC2370F-B1A5-4E18-BF2F-045496738FD9}.Release|x86.Deploy.0 = Release|Any CPU
		{E69D3825-4198-4062-8352-77EA42DE3A56}.Debug|Any CPU.ActiveCfg = Debug|iPhoneSimulator
		{E69D3825-4198-4062-8352-77EA42DE3A56}.Debug|Any CPU.Build.0 = Debug|iPhoneSimulator
		{E69D3825-4198-4062-8352-77EA42DE3A56}.Debug|Any CPU.Deploy.0 = Debug|iPhoneSimulator
		{E69D3825-4198-4062-8352-77EA42DE3A56}.Debug|ARM.ActiveCfg = Debug|iPhone
		{E69D3825-4198-4062-8352-77EA42DE3A56}.Debug|ARM.Build.0 = Debug|iPhone
		{E69D3825-4198-4062-8352-77EA42DE3A56}.Debug|ARM.Deploy.0 = Debug|iPhone
		{E69D3825-4198-4062-8352-77EA42DE3A56}.Debug|iPhone.ActiveCfg = Debug|iPhone
		{E69D3825-4198-4062-8352-77EA42DE3A56}.Debug|iPhone.Build.0 = Debug|iPhone
		{E69D3825-4198-4062-8352-77EA42DE3A56}.Debug|iPhone.Deploy.0 = Debug|iPhone
		{E69D3825-4198-4062-8352-77EA42DE3A56}.Debug|iPhoneSimulator.ActiveCfg = Debug|iPhoneSimulator
		{E69D3825-4198-4062-8352-77EA42DE3A56}.Debug|iPhoneSimulator.Build.0 = Debug|iPhoneSimulator
		{E69D3825-4198-4062-8352-77EA42DE3A56}.Debug|iPhoneSimulator.Deploy.0 = Debug|iPhoneSimulator
		{E69D3825-4198-4062-8352-77EA42DE3A56}.Debug|x64.ActiveCfg = Debug|iPhoneSimulator
		{E69D3825-4198-4062-8352-77EA42DE3A56}.Debug|x64.Build.0 = Debug|iPhoneSimulator
		{E69D3825-4198-4062-8352-77EA42DE3A56}.Debug|x64.Deploy.0 = Debug|iPhoneSimulator
		{E69D3825-4198-4062-8352-77EA42DE3A56}.Debug|x86.ActiveCfg = Debug|iPhoneSimulator
		{E69D3825-4198-4062-8352-77EA42DE3A56}.Debug|x86.Build.0 = Debug|iPhoneSimulator
		{E69D3825-4198-4062-8352-77EA42DE3A56}.Debug|x86.Deploy.0 = Debug|iPhoneSimulator
		{E69D3825-4198-4062-8352-77EA42DE3A56}.Release|Any CPU.ActiveCfg = Release|iPhoneSimulator
		{E69D3825-4198-4062-8352-77EA42DE3A56}.Release|Any CPU.Build.0 = Release|iPhoneSimulator
		{E69D3825-4198-4062-8352-77EA42DE3A56}.Release|Any CPU.Deploy.0 = Release|iPhoneSimulator
		{E69D3825-4198-4062-8352-77EA42DE3A56}.Release|ARM.ActiveCfg = Release|iPhoneSimulator
		{E69D3825-4198-4062-8352-77EA42DE3A56}.Release|ARM.Build.0 = Release|iPhoneSimulator
		{E69D3825-4198-4062-8352-77EA42DE3A56}.Release|ARM.Deploy.0 = Release|iPhoneSimulator
		{E69D3825-4198-4062-8352-77EA42DE3A56}.Release|iPhone.ActiveCfg = Release|iPhone
		{E69D3825-4198-4062-8352-77EA42DE3A56}.Release|iPhone.Build.0 = Release|iPhone
		{E69D3825-4198-4062-8352-77EA42DE3A56}.Release|iPhone.Deploy.0 = Release|iPhone
		{E69D3825-4198-4062-8352-77EA42DE3A56}.Release|iPhoneSimulator.ActiveCfg = Release|iPhoneSimulator
		{E69D3825-4198-4062-8352-77EA42DE3A56}.Release|iPhoneSimulator.Build.0 = Release|iPhoneSimulator
		{E69D3825-4198-4062-8352-77EA42DE3A56}.Release|iPhoneSimulator.Deploy.0 = Release|iPhoneSimulator
		{E69D3825-4198-4062-8352-77EA42DE3A56}.Release|x64.ActiveCfg = Release|iPhoneSimulator
		{E69D3825-4198-4062-8352-77EA42DE3A56}.Release|x64.Build.0 = Release|iPhoneSimulator
		{E69D3825-4198-4062-8352-77EA42DE3A56}.Release|x64.Deploy.0 = Release|iPhoneSimulator
		{E69D3825-4198-4062-8352-77EA42DE3A56}.Release|x86.ActiveCfg = Release|iPhoneSimulator
		{E69D3825-4198-4062-8352-77EA42DE3A56}.Release|x86.Build.0 = Release|iPhoneSimulator
		{E69D3825-4198-4062-8352-77EA42DE3A56}.Release|x86.Deploy.0 = Release|iPhoneSimulator
		{B946A442-EA3A-4BCC-AB4D-09531AB60015}.Debug|Any CPU.ActiveCfg = Debug|Any CPU
		{B946A442-EA3A-4BCC-AB4D-09531AB60015}.Debug|Any CPU.Build.0 = Debug|Any CPU
		{B946A442-EA3A-4BCC-AB4D-09531AB60015}.Debug|Any CPU.Deploy.0 = Debug|Any CPU
		{B946A442-EA3A-4BCC-AB4D-09531AB60015}.Debug|ARM.ActiveCfg = Debug|Any CPU
		{B946A442-EA3A-4BCC-AB4D-09531AB60015}.Debug|ARM.Build.0 = Debug|Any CPU
		{B946A442-EA3A-4BCC-AB4D-09531AB60015}.Debug|ARM.Deploy.0 = Debug|Any CPU
		{B946A442-EA3A-4BCC-AB4D-09531AB60015}.Debug|iPhone.ActiveCfg = Debug|Any CPU
		{B946A442-EA3A-4BCC-AB4D-09531AB60015}.Debug|iPhone.Build.0 = Debug|Any CPU
		{B946A442-EA3A-4BCC-AB4D-09531AB60015}.Debug|iPhone.Deploy.0 = Debug|Any CPU
		{B946A442-EA3A-4BCC-AB4D-09531AB60015}.Debug|iPhoneSimulator.ActiveCfg = Debug|Any CPU
		{B946A442-EA3A-4BCC-AB4D-09531AB60015}.Debug|iPhoneSimulator.Build.0 = Debug|Any CPU
		{B946A442-EA3A-4BCC-AB4D-09531AB60015}.Debug|iPhoneSimulator.Deploy.0 = Debug|Any CPU
		{B946A442-EA3A-4BCC-AB4D-09531AB60015}.Debug|x64.ActiveCfg = Debug|Any CPU
		{B946A442-EA3A-4BCC-AB4D-09531AB60015}.Debug|x64.Build.0 = Debug|Any CPU
		{B946A442-EA3A-4BCC-AB4D-09531AB60015}.Debug|x64.Deploy.0 = Debug|Any CPU
		{B946A442-EA3A-4BCC-AB4D-09531AB60015}.Debug|x86.ActiveCfg = Debug|Any CPU
		{B946A442-EA3A-4BCC-AB4D-09531AB60015}.Debug|x86.Build.0 = Debug|Any CPU
		{B946A442-EA3A-4BCC-AB4D-09531AB60015}.Debug|x86.Deploy.0 = Debug|Any CPU
		{B946A442-EA3A-4BCC-AB4D-09531AB60015}.Release|Any CPU.ActiveCfg = Release|Any CPU
		{B946A442-EA3A-4BCC-AB4D-09531AB60015}.Release|Any CPU.Build.0 = Release|Any CPU
		{B946A442-EA3A-4BCC-AB4D-09531AB60015}.Release|Any CPU.Deploy.0 = Release|Any CPU
		{B946A442-EA3A-4BCC-AB4D-09531AB60015}.Release|ARM.ActiveCfg = Release|Any CPU
		{B946A442-EA3A-4BCC-AB4D-09531AB60015}.Release|ARM.Build.0 = Release|Any CPU
		{B946A442-EA3A-4BCC-AB4D-09531AB60015}.Release|ARM.Deploy.0 = Release|Any CPU
		{B946A442-EA3A-4BCC-AB4D-09531AB60015}.Release|iPhone.ActiveCfg = Release|Any CPU
		{B946A442-EA3A-4BCC-AB4D-09531AB60015}.Release|iPhone.Build.0 = Release|Any CPU
		{B946A442-EA3A-4BCC-AB4D-09531AB60015}.Release|iPhone.Deploy.0 = Release|Any CPU
		{B946A442-EA3A-4BCC-AB4D-09531AB60015}.Release|iPhoneSimulator.ActiveCfg = Release|Any CPU
		{B946A442-EA3A-4BCC-AB4D-09531AB60015}.Release|iPhoneSimulator.Build.0 = Release|Any CPU
		{B946A442-EA3A-4BCC-AB4D-09531AB60015}.Release|iPhoneSimulator.Deploy.0 = Release|Any CPU
		{B946A442-EA3A-4BCC-AB4D-09531AB60015}.Release|x64.ActiveCfg = Release|Any CPU
		{B946A442-EA3A-4BCC-AB4D-09531AB60015}.Release|x64.Build.0 = Release|Any CPU
		{B946A442-EA3A-4BCC-AB4D-09531AB60015}.Release|x64.Deploy.0 = Release|Any CPU
		{B946A442-EA3A-4BCC-AB4D-09531AB60015}.Release|x86.ActiveCfg = Release|Any CPU
		{B946A442-EA3A-4BCC-AB4D-09531AB60015}.Release|x86.Build.0 = Release|Any CPU
		{B946A442-EA3A-4BCC-AB4D-09531AB60015}.Release|x86.Deploy.0 = Release|Any CPU
	EndGlobalSection
	GlobalSection(SolutionProperties) = preSolution
		HideSolutionNode = FALSE
	EndGlobalSection
	GlobalSection(ExtensibilityGlobals) = postSolution
		SolutionGuid = {87E2C2E2-32FF-4156-A35D-A6493B8D6DCF}
	EndGlobalSection
EndGlobal
